{
  "name": "server",
  "lockfileVersion": 3,
  "requires": true,
  "packages": {
    "": {
      "dependencies": {
        "tron-proxy-server": "file:.."
      }
    },
    "..": {
      "name": "tron-proxy-server",
      "version": "1.0.0",
      "dependencies": {
        "cors": "^2.8.5",
        "express": "^4.18.2",
        "node-fetch": "^2.6.7",
        "pg": "^8.11.0",
        "sql.js": "^1.8.0",
        "sqlite3": "^5.1.6"
      }
    },
    "node_modules/tron-proxy-server": {
      "resolved": "..",
      "link": true
    }
  }
}
